
Microsoft Visual Studio Solution File, Format Version 12.00
# Visual Studio Version 17
VisualStudioVersion = 17.0.31903.59
MinimumVisualStudioVersion = 10.0.40219.1
Project("{2150E333-8FDC-42A3-9474-1A3956D46DE8}") = "src", "src", "{756C86DC-61BC-4860-926D-83A372714080}"
EndProject
Project("{2150E333-8FDC-42A3-9474-1A3956D46DE8}") = "Shared", "Shared", "{C74BBAD7-C25F-4460-AE04-93E3C2BDE4D8}"
EndProject
Project("{FAE04EC0-301F-11D3-BF4B-00C04F79EFBC}") = "UnturnedMods.Shared", "src\Shared\UnturnedMods.Shared\UnturnedMods.Shared.csproj", "{7031D81B-E641-4006-8EB5-9147ACC7361F}"
EndProject
Project("{2150E333-8FDC-42A3-9474-1A3956D46DE8}") = "plugins", "plugins", "{19E650E5-7E49-4EDE-8385-ADE385181CAA}"
EndProject
Project("{FAE04EC0-301F-11D3-BF4B-00C04F79EFBC}") = "well404.Economy", "src\plugins\well404.Economy\well404.Economy.csproj", "{7DA57B31-5FFF-40FE-942D-1191747008B4}"
EndProject
Project("{FAE04EC0-301F-11D3-BF4B-00C04F79EFBC}") = "well404.Shop", "src\plugins\well404.Shop\well404.Shop.csproj", "{DE28B226-63DB-4F60-893D-8EDD1164BD88}"
EndProject
Project("{2150E333-8FDC-42A3-9474-1A3956D46DE8}") = "tests", "tests", "{1741F094-6479-4079-8225-A06190916617}"
EndProject
Project("{FAE04EC0-301F-11D3-BF4B-00C04F79EFBC}") = "well404.Economy.Tests", "tests\well404.Economy.Tests\well404.Economy.Tests.csproj", "{111C0D9E-FFB7-47DB-BA0F-B9973B957E13}"
EndProject
Global
	GlobalSection(SolutionConfigurationPlatforms) = preSolution
		Debug|Any CPU = Debug|Any CPU
		Release|Any CPU = Release|Any CPU
	EndGlobalSection
	GlobalSection(SolutionProperties) = preSolution
		HideSolutionNode = FALSE
	EndGlobalSection
	GlobalSection(ProjectConfigurationPlatforms) = postSolution
		{7031D81B-E641-4006-8EB5-9147ACC7361F}.Debug|Any CPU.ActiveCfg = Debug|Any CPU
		{7031D81B-E641-4006-8EB5-9147ACC7361F}.Debug|Any CPU.Build.0 = Debug|Any CPU
		{7031D81B-E641-4006-8EB5-9147ACC7361F}.Release|Any CPU.ActiveCfg = Release|Any CPU
		{7031D81B-E641-4006-8EB5-9147ACC7361F}.Release|Any CPU.Build.0 = Release|Any CPU
		{7DA57B31-5FFF-40FE-942D-1191747008B4}.Debug|Any CPU.ActiveCfg = Debug|Any CPU
		{7DA57B31-5FFF-40FE-942D-1191747008B4}.Debug|Any CPU.Build.0 = Debug|Any CPU
		{7DA57B31-5FFF-40FE-942D-1191747008B4}.Release|Any CPU.ActiveCfg = Release|Any CPU
		{7DA57B31-5FFF-40FE-942D-1191747008B4}.Release|Any CPU.Build.0 = Release|Any CPU
		{DE28B226-63DB-4F60-893D-8EDD1164BD88}.Debug|Any CPU.ActiveCfg = Debug|Any CPU
		{DE28B226-63DB-4F60-893D-8EDD1164BD88}.Debug|Any CPU.Build.0 = Debug|Any CPU
		{DE28B226-63DB-4F60-893D-8EDD1164BD88}.Release|Any CPU.ActiveCfg = Release|Any CPU
		{DE28B226-63DB-4F60-893D-8EDD1164BD88}.Release|Any CPU.Build.0 = Release|Any CPU
		{111C0D9E-FFB7-47DB-BA0F-B9973B957E13}.Debug|Any CPU.ActiveCfg = Debug|Any CPU
		{111C0D9E-FFB7-47DB-BA0F-B9973B957E13}.Debug|Any CPU.Build.0 = Debug|Any CPU
		{111C0D9E-FFB7-47DB-BA0F-B9973B957E13}.Release|Any CPU.ActiveCfg = Release|Any CPU
		{111C0D9E-FFB7-47DB-BA0F-B9973B957E13}.Release|Any CPU.Build.0 = Release|Any CPU
	EndGlobalSection
	GlobalSection(NestedProjects) = preSolution
		{C74BBAD7-C25F-4460-AE04-93E3C2BDE4D8} = {756C86DC-61BC-4860-926D-83A372714080}
		{7031D81B-E641-4006-8EB5-9147ACC7361F} = {C74BBAD7-C25F-4460-AE04-93E3C2BDE4D8}
		{19E650E5-7E49-4EDE-8385-ADE385181CAA} = {756C86DC-61BC-4860-926D-83A372714080}
		{7DA57B31-5FFF-40FE-942D-1191747008B4} = {19E650E5-7E49-4EDE-8385-ADE385181CAA}
		{DE28B226-63DB-4F60-893D-8EDD1164BD88} = {19E650E5-7E49-4EDE-8385-ADE385181CAA}
		{111C0D9E-FFB7-47DB-BA0F-B9973B957E13} = {1741F094-6479-4079-8225-A06190916617}
	EndGlobalSection
EndGlobal
